
Microsoft Visual Studio Solution File, Format Version 12.00
# Visual Studio 14
VisualStudioVersion = 14.0.23107.0
MinimumVisualStudioVersion = 10.0.40219.1
Project("{FAE04EC0-301F-11D3-BF4B-00C04F79EFBC}") = "OfficeApp1", "OfficeApp1\OfficeApp1.csproj", "{6478497B-2CA2-469F-ACAB-8A1902CF3BAE}"
EndProject
Project("{FAE04EC0-301F-11D3-BF4B-00C04F79EFBC}") = "OfficeApp1Web", "OfficeApp1Web\OfficeApp1Web.csproj", "{D17FDC68-7A19-447C-8814-A1D27A93AA7A}"
EndProject
Global
	GlobalSection(SolutionConfigurationPlatforms) = preSolution
		Debug|Any CPU = Debug|Any CPU
		Release|Any CPU = Release|Any CPU
	EndGlobalSection
	GlobalSection(ProjectConfigurationPlatforms) = postSolution
		{6478497B-2CA2-469F-ACAB-8A1902CF3BAE}.Debug|Any CPU.ActiveCfg = Debug|Any CPU
		{6478497B-2CA2-469F-ACAB-8A1902CF3BAE}.Debug|Any CPU.Build.0 = Debug|Any CPU
		{6478497B-2CA2-469F-ACAB-8A1902CF3BAE}.Debug|Any CPU.Deploy.0 = Debug|Any CPU
		{6478497B-2CA2-469F-ACAB-8A1902CF3BAE}.Release|Any CPU.ActiveCfg = Release|Any CPU
		{6478497B-2CA2-469F-ACAB-8A1902CF3BAE}.Release|Any CPU.Build.0 = Release|Any CPU
		{6478497B-2CA2-469F-ACAB-8A1902CF3BAE}.Release|Any CPU.Deploy.0 = Release|Any CPU
		{D17FDC68-7A19-447C-8814-A1D27A93AA7A}.Debug|Any CPU.ActiveCfg = Debug|Any CPU
		{D17FDC68-7A19-447C-8814-A1D27A93AA7A}.Debug|Any CPU.Build.0 = Debug|Any CPU
		{D17FDC68-7A19-447C-8814-A1D27A93AA7A}.Release|Any CPU.ActiveCfg = Release|Any CPU
		{D17FDC68-7A19-447C-8814-A1D27A93AA7A}.Release|Any CPU.Build.0 = Release|Any CPU
	EndGlobalSection
	GlobalSection(SolutionProperties) = preSolution
		HideSolutionNode = FALSE
	EndGlobalSection
EndGlobal
